{
  "name": "qrcode-lib",
  "version": "0.0.2",
  "lockfileVersion": 3,
  "requires": true,
  "packages": {
    "": {
      "name": "qrcode-lib",
      "version": "0.0.2",
      "license": "MIT",
      "dependencies": {
        "pngjs": "^7.0.0",
        "xmldom": "^0.6.0"
      }
    },
    "node_modules/pngjs": {
      "version": "7.0.0",
      "license": "MIT",
      "engines": {
        "node": ">=14.19.0"
      }
    },
    "node_modules/xmldom": {
      "version": "0.6.0",
      "license": "MIT",
      "engines": {
        "node": ">=10.0.0"
      }
    }
  }
}
